// !$*UTF8*$!
{
	archiveVersion = 1;
	classes = {
	};
	objectVersion = 50;
	objects = {

/* Begin PBXBuildFile section */
		A96EC06D236A7D4C00C17394 /* AppDelegate.swift in Sources */ = {isa = PBXBuildFile; fileRef = A96EC06C236A7D4C00C17394 /* AppDelegate.swift */; };
		A96EC06F236A7D4C00C17394 /* SceneDelegate.swift in Sources */ = {isa = PBXBuildFile; fileRef = A96EC06E236A7D4C00C17394 /* SceneDelegate.swift */; };
		A96EC071236A7D4C00C17394 /* ListaSuperTableController.swift in Sources */ = {isa = PBXBuildFile; fileRef = A96EC070236A7D4C00C17394 /* ListaSuperTableController.swift */; };
		A96EC074236A7D4C00C17394 /* Main.storyboard in Resources */ = {isa = PBXBuildFile; fileRef = A96EC072236A7D4C00C17394 /* Main.storyboard */; };
		A96EC076236A7D5400C17394 /* Assets.xcassets in Resources */ = {isa = PBXBuildFile; fileRef = A96EC075236A7D5400C17394 /* Assets.xcassets */; };
		A96EC079236A7D5400C17394 /* LaunchScreen.storyboard in Resources */ = {isa = PBXBuildFile; fileRef = A96EC077236A7D5400C17394 /* LaunchScreen.storyboard */; };
		A96EC083236A823700C17394 /* ProductTableViewCell.swift in Sources */ = {isa = PBXBuildFile; fileRef = A96EC082236A823700C17394 /* ProductTableViewCell.swift */; };
		A96EC085236A924D00C17394 /* Product.swift in Sources */ = {isa = PBXBuildFile; fileRef = A96EC084236A924D00C17394 /* Product.swift */; };
/* End PBXBuildFile section */

/* Begin PBXFileReference section */
		A96EC069236A7D4C00C17394 /* ListaDeSuper.app */ = {isa = PBXFileReference; explicitFileType = wrapper.application; includeInIndex = 0; path = ListaDeSuper.app; sourceTree = BUILT_PRODUCTS_DIR; };
		A96EC06C236A7D4C00C17394 /* AppDelegate.swift */ = {isa = PBXFileReference; lastKnownFileType = sourcecode.swift; path = AppDelegate.swift; sourceTree = "<group>"; };
		A96EC06E236A7D4C00C17394 /* SceneDelegate.swift */ = {isa = PBXFileReference; lastKnownFileType = sourcecode.swift; path = SceneDelegate.swift; sourceTree = "<group>"; };
		A96EC070236A7D4C00C17394 /* ListaSuperTableController.swift */ = {isa = PBXFileReference; lastKnownFileType = sourcecode.swift; path = ListaSuperTableController.swift; sourceTree = "<group>"; };
		A96EC073236A7D4C00C17394 /* Base */ = {isa = PBXFileReference; lastKnownFileType = file.storyboard; name = Base; path = Base.lproj/Main.storyboard; sourceTree = "<group>"; };
		A96EC075236A7D5400C17394 /* Assets.xcassets */ = {isa = PBXFileReference; lastKnownFileType = folder.assetcatalog; path = Assets.xcassets; sourceTree = "<group>"; };
		A96EC078236A7D5400C17394 /* Base */ = {isa = PBXFileReference; lastKnownFileType = file.storyboard; name = Base; path = Base.lproj/LaunchScreen.storyboard; sourceTree = "<group>"; };
		A96EC07A236A7D5400C17394 /* Info.plist */ = {isa = PBXFileReference; lastKnownFileType = text.plist.xml; path = Info.plist; sourceTree = "<group>"; };
		A96EC082236A823700C17394 /* ProductTableViewCell.swift */ = {isa = PBXFileReference; lastKnownFileType = sourcecode.swift; path = ProductTableViewCell.swift; sourceTree = "<group>"; };
		A96EC084236A924D00C17394 /* Product.swift */ = {isa = PBXFileReference; lastKnownFileType = sourcecode.swift; path = Product.swift; sourceTree = "<group>"; };
/* End PBXFileReference section */

/* Begin PBXFrameworksBuildPhase section */
		A96EC066236A7D4B00C17394 /* Frameworks */ = {
			isa = PBXFrameworksBuildPhase;
			buildActionMask = 2147483647;
			files = (
			);
			runOnlyForDeploymentPostprocessing = 0;
		};
/* End PBXFrameworksBuildPhase section */

/* Begin PBXGroup section */
		A96EC060236A7D4B00C17394 = {
			isa = PBXGroup;
			children = (
				A96EC06B236A7D4C00C17394 /* ListaDeSuper */,
				A96EC06A236A7D4C00C17394 /* Products */,
			);
			sourceTree = "<group>";
		};
		A96EC06A236A7D4C00C17394 /* Products */ = {
			isa = PBXGroup;
			children = (
				A96EC069236A7D4C00C17394 /* ListaDeSuper.app */,
			);
			name = Products;
			sourceTree = "<group>";
		};
		A96EC06B236A7D4C00C17394 /* ListaDeSuper */ = {
			isa = PBXGroup;
			children = (
				A96EC06C236A7D4C00C17394 /* AppDelegate.swift */,
				A96EC06E236A7D4C00C17394 /* SceneDelegate.swift */,
				A96EC070236A7D4C00C17394 /* ListaSuperTableController.swift */,
				A96EC084236A924D00C17394 /* Product.swift */,
				A96EC082236A823700C17394 /* ProductTableViewCell.swift */,
				A96EC072236A7D4C00C17394 /* Main.storyboard */,
				A96EC075236A7D5400C17394 /* Assets.xcassets */,
				A96EC077236A7D5400C17394 /* LaunchScreen.storyboard */,
				A96EC07A236A7D5400C17394 /* Info.plist */,
			);
			path = ListaDeSuper;
			sourceTree = "<group>";
		};
/* End PBXGroup section */

/* Begin PBXNativeTarget section */
		A96EC068236A7D4B00C17394 /* ListaDeSuper */ = {
			isa = PBXNativeTarget;
			buildConfigurationList = A96EC07D236A7D5400C17394 /* Build configuration list for PBXNativeTarget "ListaDeSuper" */;
			buildPhases = (
				A96EC065236A7D4B00C17394 /* Sources */,
				A96EC066236A7D4B00C17394 /* Frameworks */,
				A96EC067236A7D4B00C17394 /* Resources */,
			);
			buildRules = (
			);
			dependencies = (
			);
			name = ListaDeSuper;
			productName = ListaDeSuper;
			productReference = A96EC069236A7D4C00C17394 /* ListaDeSuper.app */;
			productType = "com.apple.product-type.application";
		};
/* End PBXNativeTarget section */

/* Begin PBXProject section */
		A96EC061236A7D4B00C17394 /* Project object */ = {
			isa = PBXProject;
			attributes = {
				LastSwiftUpdateCheck = 1110;
				LastUpgradeCheck = 1110;
				ORGANIZATIONNAME = "Alejandro Robles";
				TargetAttributes = {
					A96EC068236A7D4B00C17394 = {
						CreatedOnToolsVersion = 11.1;
					};
				};
			};
			buildConfigurationList = A96EC064236A7D4B00C17394 /* Build configuration list for PBXProject "ListaDeSuper" */;
			compatibilityVersion = "Xcode 9.3";
			developmentRegion = en;
			hasScannedForEncodings = 0;
			knownRegions = (
				en,
				Base,
			);
			mainGroup = A96EC060236A7D4B00C17394;
			productRefGroup = A96EC06A236A7D4C00C17394 /* Products */;
			projectDirPath = "";
			projectRoot = "";
			targets = (
				A96EC068236A7D4B00C17394 /* ListaDeSuper */,
			);
		};
/* End PBXProject section */

/* Begin PBXResourcesBuildPhase section */
		A96EC067236A7D4B00C17394 /* Resources */ = {
			isa = PBXResourcesBuildPhase;
			buildActionMask = 2147483647;
			files = (
				A96EC079236A7D5400C17394 /* LaunchScreen.storyboard in Resources */,
				A96EC076236A7D5400C17394 /* Assets.xcassets in Resources */,
				A96EC074236A7D4C00C17394 /* Main.storyboard in Resources */,
			);
			runOnlyForDeploymentPostprocessing = 0;
		};
/* End PBXResourcesBuildPhase section */

/* Begin PBXSourcesBuildPhase section */
		A96EC065236A7D4B00C17394 /* Sources */ = {
			isa = PBXSourcesBuildPhase;
			buildActionMask = 2147483647;
			files = (
				A96EC071236A7D4C00C17394 /* ListaSuperTableController.swift in Sources */,
				A96EC083236A823700C17394 /* ProductTableViewCell.swift in Sources */,
				A96EC085236A924D00C17394 /* Product.swift in Sources */,
				A96EC06D236A7D4C00C17394 /* AppDelegate.swift in Sources */,
				A96EC06F236A7D4C00C17394 /* SceneDelegate.swift in Sources */,
			);
			runOnlyForDeploymentPostprocessing = 0;
		};
/* End PBXSourcesBuildPhase section */

/* Begin PBXVariantGroup section */
		A96EC072236A7D4C00C17394 /* Main.storyboard */ = {
			isa = PBXVariantGroup;
			children = (
				A96EC073236A7D4C00C17394 /* Base */,
			);
			name = Main.storyboard;
			sourceTree = "<group>";
		};
		A96EC077236A7D5400C17394 /* LaunchScreen.storyboard */ = {
			isa = PBXVariantGroup;
			children = (
				A96EC078236A7D5400C17394 /* Base */,
			);
			name = LaunchScreen.storyboard;
			sourceTree = "<group>";
		};
/* End PBXVariantGroup section */

/* Begin XCBuildConfiguration section */
		A96EC07B236A7D5400C17394 /* Debug */ = {
			isa = XCBuildConfiguration;
			buildSettings = {
				ALWAYS_SEARCH_USER_PATHS = NO;
				CLANG_ANALYZER_NONNULL = YES;
				CLANG_ANALYZER_NUMBER_OBJECT_CONVERSION = YES_AGGRESSIVE;
				CLANG_CXX_LANGUAGE_STANDARD = "gnu++14";
				CLANG_CXX_LIBRARY = "libc++";
				CLANG_ENABLE_MODULES = YES;
				CLANG_ENABLE_OBJC_ARC = YES;
				CLANG_ENABLE_OBJC_WEAK = YES;
				CLANG_WARN_BLOCK_CAPTURE_AUTORELEASING = YES;
				CLANG_WARN_BOOL_CONVERSION = YES;
				CLANG_WARN_COMMA = YES;
				CLANG_WARN_CONSTANT_CONVERSION = YES;
				CLANG_WARN_DEPRECATED_OBJC_IMPLEMENTATIONS = YES;
				CLANG_WARN_DIRECT_OBJC_ISA_USAGE = YES_ERROR;
				CLANG_WARN_DOCUMENTATION_COMMENTS = YES;
				CLANG_WARN_EMPTY_BODY = YES;
				CLANG_WARN_ENUM_CONVERSION = YES;
				CLANG_WARN_INFINITE_RECURSION = YES;
				CLANG_WARN_INT_CONVERSION = YES;
				CLANG_WARN_NON_LITERAL_NULL_CONVERSION = YES;
				CLANG_WARN_OBJC_IMPLICIT_RETAIN_SELF = YES;
				CLANG_WARN_OBJC_LITERAL_CONVERSION = YES;
				CLANG_WARN_OBJC_ROOT_CLASS = YES_ERROR;
				CLANG_WARN_RANGE_LOOP_ANALYSIS = YES;
				CLANG_WARN_STRICT_PROTOTYPES = YES;
				CLANG_WARN_SUSPICIOUS_MOVE = YES;
				CLANG_WARN_UNGUARDED_AVAILABILITY = YES_AGGRESSIVE;
				CLANG_WARN_UNREACHABLE_CODE = YES;
				CLANG_WARN__DUPLICATE_METHOD_MATCH = YES;
				COPY_PHASE_STRIP = NO;
				DEBUG_INFORMATION_FORMAT = dwarf;
				ENABLE_STRICT_OBJC_MSGSEND = YES;
				ENABLE_TESTABILITY = YES;
				GCC_C_LANGUAGE_STANDARD = gnu11;
				GCC_DYNAMIC_NO_PIC = NO;
				GCC_NO_COMMON_BLOCKS = YES;
				GCC_OPTIMIZATION_LEVEL = 0;
				GCC_PREPROCESSOR_DEFINITIONS = (
					"DEBUG=1",
					"$(inherited)",
				);
				GCC_WARN_64_TO_32_BIT_CONVERSION = YES;
				GCC_WARN_ABOUT_RETURN_TYPE = YES_ERROR;
				GCC_WARN_UNDECLARED_SELECTOR = YES;
				GCC_WARN_UNINITIALIZED_AUTOS = YES_AGGRESSIVE;
				GCC_WARN_UNUSED_FUNCTION = YES;
				GCC_WARN_UNUSED_VARIABLE = YES;
				IPHONEOS_DEPLOYMENT_TARGET = 13.1;
				MTL_ENABLE_DEBUG_INFO = INCLUDE_SOURCE;
				MTL_FAST_MATH = YES;
				ONLY_ACTIVE_ARCH = YES;
				SDKROOT = iphoneos;
				SWIFT_ACTIVE_COMPILATION_CONDITIONS = DEBUG;
				SWIFT_OPTIMIZATION_LEVEL = "-Onone";
			};
			name = Debug;
		};
		A96EC07C236A7D5400C17394 /* Release */ = {
			isa = XCBuildConfiguration;
			buildSettings = {
				ALWAYS_SEARCH_USER_PATHS = NO;
				CLANG_ANALYZER_NONNULL = YES;
				CLANG_ANALYZER_NUMBER_OBJECT_CONVERSION = YES_AGGRESSIVE;
				CLANG_CXX_LANGUAGE_STANDARD = "gnu++14";
				CLANG_CXX_LIBRARY = "libc++";
				CLANG_ENABLE_MODULES = YES;
				CLANG_ENABLE_OBJC_ARC = YES;
				CLANG_ENABLE_OBJC_WEAK = YES;
				CLANG_WARN_BLOCK_CAPTURE_AUTORELEASING = YES;
				CLANG_WARN_BOOL_CONVERSION = YES;
				CLANG_WARN_COMMA = YES;
				CLANG_WARN_CONSTANT_CONVERSION = YES;
				CLANG_WARN_DEPRECATED_OBJC_IMPLEMENTATIONS = YES;
				CLANG_WARN_DIRECT_OBJC_ISA_USAGE = YES_ERROR;
				CLANG_WARN_DOCUMENTATION_COMMENTS = YES;
				CLANG_WARN_EMPTY_BODY = YES;
				CLANG_WARN_ENUM_CONVERSION = YES;
				CLANG_WARN_INFINITE_RECURSION = YES;
				CLANG_WARN_INT_CONVERSION = YES;
				CLANG_WARN_NON_LITERAL_NULL_CONVERSION = YES;
				CLANG_WARN_OBJC_IMPLICIT_RETAIN_SELF = YES;
				CLANG_WARN_OBJC_LITERAL_CONVERSION = YES;
				CLANG_WARN_OBJC_ROOT_CLASS = YES_ERROR;
				CLANG_WARN_RANGE_LOOP_ANALYSIS = YES;
				CLANG_WARN_STRICT_PROTOTYPES = YES;
				CLANG_WARN_SUSPICIOUS_MOVE = YES;
				CLANG_WARN_UNGUARDED_AVAILABILITY = YES_AGGRESSIVE;
				CLANG_WARN_UNREACHABLE_CODE = YES;
				CLANG_WARN__DUPLICATE_METHOD_MATCH = YES;
				COPY_PHASE_STRIP = NO;
				DEBUG_INFORMATION_FORMAT = "dwarf-with-dsym";
				ENABLE_NS_ASSERTIONS = NO;
				ENABLE_STRICT_OBJC_MSGSEND = YES;
				GCC_C_LANGUAGE_STANDARD = gnu11;
				GCC_NO_COMMON_BLOCKS = YES;
				GCC_WARN_64_TO_32_BIT_CONVERSION = YES;
				GCC_WARN_ABOUT_RETURN_TYPE = YES_ERROR;
				GCC_WARN_UNDECLARED_SELECTOR = YES;
				GCC_WARN_UNINITIALIZED_AUTOS = YES_AGGRESSIVE;
				GCC_WARN_UNUSED_FUNCTION = YES;
				GCC_WARN_UNUSED_VARIABLE = YES;
				IPHONEOS_DEPLOYMENT_TARGET = 13.1;
				MTL_ENABLE_DEBUG_INFO = NO;
				MTL_FAST_MATH = YES;
				SDKROOT = iphoneos;
				SWIFT_COMPILATION_MODE = wholemodule;
				SWIFT_OPTIMIZATION_LEVEL = "-O";
				VALIDATE_PRODUCT = YES;
			};
			name = Release;
		};
		A96EC07E236A7D5400C17394 /* Debug */ = {
			isa = XCBuildConfiguration;
			buildSettings = {
				ASSETCATALOG_COMPILER_APPICON_NAME = AppIcon;
				CODE_SIGN_STYLE = Automatic;
				DEVELOPMENT_TEAM = 3RKND3ZKAJ;
				INFOPLIST_FILE = ListaDeSuper/Info.plist;
				LD_RUNPATH_SEARCH_PATHS = (
					"$(inherited)",
					"@executable_path/Frameworks",
				);
				PRODUCT_BUNDLE_IDENTIFIER = com.alejandro.ListaDeSuper;
				PRODUCT_NAME = "$(TARGET_NAME)";
				SWIFT_VERSION = 5.0;
				TARGETED_DEVICE_FAMILY = "1,2";
			};
			name = Debug;
		};
		A96EC07F236A7D5400C17394 /* Release */ = {
			isa = XCBuildConfiguration;
			buildSettings = {
				ASSETCATALOG_COMPILER_APPICON_NAME = AppIcon;
				CODE_SIGN_STYLE = Automatic;
				DEVELOPMENT_TEAM = 3RKND3ZKAJ;
				INFOPLIST_FILE = ListaDeSuper/Info.plist;
				LD_RUNPATH_SEARCH_PATHS = (
					"$(inherited)",
					"@executable_path/Frameworks",
				);
				PRODUCT_BUNDLE_IDENTIFIER = com.alejandro.ListaDeSuper;
				PRODUCT_NAME = "$(TARGET_NAME)";
				SWIFT_VERSION = 5.0;
				TARGETED_DEVICE_FAMILY = "1,2";
			};
			name = Release;
		};
/* End XCBuildConfiguration section */

/* Begin XCConfigurationList section */
		A96EC064236A7D4B00C17394 /* Build configuration list for PBXProject "ListaDeSuper" */ = {
			isa = XCConfigurationList;
			buildConfigurations = (
				A96EC07B236A7D5400C17394 /* Debug */,
				A96EC07C236A7D5400C17394 /* Release */,
			);
			defaultConfigurationIsVisible = 0;
			defaultConfigurationName = Release;
		};
		A96EC07D236A7D5400C17394 /* Build configuration list for PBXNativeTarget "ListaDeSuper" */ = {
			isa = XCConfigurationList;
			buildConfigurations = (
				A96EC07E236A7D5400C17394 /* Debug */,
				A96EC07F236A7D5400C17394 /* Release */,
			);
			defaultConfigurationIsVisible = 0;
			defaultConfigurationName = Release;
		};
/* End XCConfigurationList section */
	};
	rootObject = A96EC061236A7D4B00C17394 /* Project object */;
}
